
Microsoft Visual Studio Solution File, Format Version 12.00
Project("{FAE04EC0-301F-11D3-BF4B-00C04F79EFBC}") = "WebAnalytics.Tracking", "WebAnalytics.Tracking\WebAnalytics.Tracking.csproj", "{17ADF81E-1276-4F7B-89B9-349B8F459540}"
EndProject
Project("{FAE04EC0-301F-11D3-BF4B-00C04F79EFBC}") = "WebAnalytics.Store", "WebAnalytics.Store\WebAnalytics.Store.csproj", "{3E28EED2-6435-4428-A887-9D1C118C7885}"
EndProject
Project("{FAE04EC0-301F-11D3-BF4B-00C04F79EFBC}") = "WebAnalytics.Abstraction", "WebAnalytics.Abstraction\WebAnalytics.Abstraction.csproj", "{C0E3B29F-12EC-4A40-89E1-62C17F5EB6FA}"
EndProject
Project("{FAE04EC0-301F-11D3-BF4B-00C04F79EFBC}") = "WebAnalytics.Core", "WebAnalytics.Core\WebAnalytics.Core.csproj", "{7BCFF936-C3F9-4A86-952C-64AAEABAC2B5}"
EndProject
Project("{FAE04EC0-301F-11D3-BF4B-00C04F79EFBC}") = "WebAnalytics.HeatMaps", "WebAnalytics.HeatMaps\WebAnalytics.HeatMaps.csproj", "{C7370E77-0A2C-47FE-ADD1-1307FCEECF92}"
EndProject
Global
	GlobalSection(SolutionConfigurationPlatforms) = preSolution
		Debug|Any CPU = Debug|Any CPU
		Release|Any CPU = Release|Any CPU
	EndGlobalSection
	GlobalSection(ProjectConfigurationPlatforms) = postSolution
		{17ADF81E-1276-4F7B-89B9-349B8F459540}.Debug|Any CPU.ActiveCfg = Debug|Any CPU
		{17ADF81E-1276-4F7B-89B9-349B8F459540}.Debug|Any CPU.Build.0 = Debug|Any CPU
		{17ADF81E-1276-4F7B-89B9-349B8F459540}.Release|Any CPU.ActiveCfg = Release|Any CPU
		{17ADF81E-1276-4F7B-89B9-349B8F459540}.Release|Any CPU.Build.0 = Release|Any CPU
		{3E28EED2-6435-4428-A887-9D1C118C7885}.Debug|Any CPU.ActiveCfg = Debug|Any CPU
		{3E28EED2-6435-4428-A887-9D1C118C7885}.Debug|Any CPU.Build.0 = Debug|Any CPU
		{3E28EED2-6435-4428-A887-9D1C118C7885}.Release|Any CPU.ActiveCfg = Release|Any CPU
		{3E28EED2-6435-4428-A887-9D1C118C7885}.Release|Any CPU.Build.0 = Release|Any CPU
		{C0E3B29F-12EC-4A40-89E1-62C17F5EB6FA}.Debug|Any CPU.ActiveCfg = Debug|Any CPU
		{C0E3B29F-12EC-4A40-89E1-62C17F5EB6FA}.Debug|Any CPU.Build.0 = Debug|Any CPU
		{C0E3B29F-12EC-4A40-89E1-62C17F5EB6FA}.Release|Any CPU.ActiveCfg = Release|Any CPU
		{C0E3B29F-12EC-4A40-89E1-62C17F5EB6FA}.Release|Any CPU.Build.0 = Release|Any CPU
		{7BCFF936-C3F9-4A86-952C-64AAEABAC2B5}.Debug|Any CPU.ActiveCfg = Debug|Any CPU
		{7BCFF936-C3F9-4A86-952C-64AAEABAC2B5}.Debug|Any CPU.Build.0 = Debug|Any CPU
		{7BCFF936-C3F9-4A86-952C-64AAEABAC2B5}.Release|Any CPU.ActiveCfg = Release|Any CPU
		{7BCFF936-C3F9-4A86-952C-64AAEABAC2B5}.Release|Any CPU.Build.0 = Release|Any CPU
		{C7370E77-0A2C-47FE-ADD1-1307FCEECF92}.Debug|Any CPU.ActiveCfg = Debug|Any CPU
		{C7370E77-0A2C-47FE-ADD1-1307FCEECF92}.Debug|Any CPU.Build.0 = Debug|Any CPU
		{C7370E77-0A2C-47FE-ADD1-1307FCEECF92}.Release|Any CPU.ActiveCfg = Release|Any CPU
		{C7370E77-0A2C-47FE-ADD1-1307FCEECF92}.Release|Any CPU.Build.0 = Release|Any CPU
	EndGlobalSection
EndGlobal
